
Microsoft Visual Studio Solution File, Format Version 12.00
# Visual Studio Version 17
VisualStudioVersion = 17.5.33516.290
MinimumVisualStudioVersion = 10.0.40219.1
Project("{778DAE3C-4631-46EA-AA77-85C1314464D9}") = "WIDT-GUI", "WIDT-GUI\WIDT-GUI.vbproj", "{79D58842-6438-496C-BBD0-18F462BD18E3}"
EndProject
Global
	GlobalSection(SolutionConfigurationPlatforms) = preSolution
		Debug|Any CPU = Debug|Any CPU
		Release|Any CPU = Release|Any CPU
	EndGlobalSection
	GlobalSection(ProjectConfigurationPlatforms) = postSolution
		{79D58842-6438-496C-BBD0-18F462BD18E3}.Debug|Any CPU.ActiveCfg = Debug|Any CPU
		{79D58842-6438-496C-BBD0-18F462BD18E3}.Debug|Any CPU.Build.0 = Debug|Any CPU
		{79D58842-6438-496C-BBD0-18F462BD18E3}.Release|Any CPU.ActiveCfg = Release|Any CPU
		{79D58842-6438-496C-BBD0-18F462BD18E3}.Release|Any CPU.Build.0 = Release|Any CPU
	EndGlobalSection
	GlobalSection(SolutionProperties) = preSolution
		HideSolutionNode = FALSE
	EndGlobalSection
	GlobalSection(ExtensibilityGlobals) = postSolution
		SolutionGuid = {376A5827-A13B-488A-B418-C19CE9E057B7}
	EndGlobalSection
EndGlobal
